
Microsoft Visual Studio Solution File, Format Version 12.00
# Visual Studio Version 17
VisualStudioVersion = 17.2.32526.322
MinimumVisualStudioVersion = 10.0.40219.1
Project("{54A90642-561A-4BB1-A94E-469ADEE60C69}") = "angularproject1", "angularproject1\angularproject1.esproj", "{AD6D8225-FBAD-4147-B088-1AEA94018300}"
EndProject
Project("{FAE04EC0-301F-11D3-BF4B-00C04F79EFBC}") = "WebApp", "WebApp\WebApp.csproj", "{5C7766B8-599C-4CA1-B8A8-6666DBCAD2EF}"
EndProject
Global
	GlobalSection(SolutionConfigurationPlatforms) = preSolution
		Debug|Any CPU = Debug|Any CPU
		Release|Any CPU = Release|Any CPU
	EndGlobalSection
	GlobalSection(ProjectConfigurationPlatforms) = postSolution
		{AD6D8225-FBAD-4147-B088-1AEA94018300}.Debug|Any CPU.ActiveCfg = Debug|Any CPU
		{AD6D8225-FBAD-4147-B088-1AEA94018300}.Debug|Any CPU.Build.0 = Debug|Any CPU
		{AD6D8225-FBAD-4147-B088-1AEA94018300}.Debug|Any CPU.Deploy.0 = Debug|Any CPU
		{AD6D8225-FBAD-4147-B088-1AEA94018300}.Release|Any CPU.ActiveCfg = Release|Any CPU
		{AD6D8225-FBAD-4147-B088-1AEA94018300}.Release|Any CPU.Build.0 = Release|Any CPU
		{AD6D8225-FBAD-4147-B088-1AEA94018300}.Release|Any CPU.Deploy.0 = Release|Any CPU
		{5C7766B8-599C-4CA1-B8A8-6666DBCAD2EF}.Debug|Any CPU.ActiveCfg = Debug|Any CPU
		{5C7766B8-599C-4CA1-B8A8-6666DBCAD2EF}.Debug|Any CPU.Build.0 = Debug|Any CPU
		{5C7766B8-599C-4CA1-B8A8-6666DBCAD2EF}.Release|Any CPU.ActiveCfg = Release|Any CPU
		{5C7766B8-599C-4CA1-B8A8-6666DBCAD2EF}.Release|Any CPU.Build.0 = Release|Any CPU
	EndGlobalSection
	GlobalSection(SolutionProperties) = preSolution
		HideSolutionNode = FALSE
	EndGlobalSection
	GlobalSection(ExtensibilityGlobals) = postSolution
		SolutionGuid = {D6131E90-0DC3-4F41-8FAE-C140E1F61BA9}
	EndGlobalSection
EndGlobal
